
Microsoft Visual Studio Solution File, Format Version 12.00
# Visual Studio Version 17
VisualStudioVersion = 17.0.31912.275
MinimumVisualStudioVersion = 10.0.40219.1
Project("{9A19103F-16F7-4668-BE54-9A1E7A4F7556}") = "Parser Test", "ConsoleApp9\Parser Test.csproj", "{0384FEBF-2F58-4601-9BE7-3DC856A5CA09}"
EndProject
Global
	GlobalSection(SolutionConfigurationPlatforms) = preSolution
		Debug|Any CPU = Debug|Any CPU
		Release|Any CPU = Release|Any CPU
	EndGlobalSection
	GlobalSection(ProjectConfigurationPlatforms) = postSolution
		{0384FEBF-2F58-4601-9BE7-3DC856A5CA09}.Debug|Any CPU.ActiveCfg = Debug|Any CPU
		{0384FEBF-2F58-4601-9BE7-3DC856A5CA09}.Debug|Any CPU.Build.0 = Debug|Any CPU
		{0384FEBF-2F58-4601-9BE7-3DC856A5CA09}.Release|Any CPU.ActiveCfg = Release|Any CPU
		{0384FEBF-2F58-4601-9BE7-3DC856A5CA09}.Release|Any CPU.Build.0 = Release|Any CPU
	EndGlobalSection
	GlobalSection(SolutionProperties) = preSolution
		HideSolutionNode = FALSE
	EndGlobalSection
	GlobalSection(ExtensibilityGlobals) = postSolution
		SolutionGuid = {B0972A74-E456-4F6A-A24B-16C6CED32041}
	EndGlobalSection
EndGlobal
